github.com/atotto/clipboard v0.1.4 h1:EH0zSVneZPSuFR11BlR9YppQTVDbh5+16AmcJi4g1z4=
github.com/atotto/clipboard v0.1.4/go.mod h1:ZY9tmq7sm5xIbd9bOK4onWV4S6X0u6GY7Vn0Yu86PYI=
github.com/skip2/go-qrcode v0.0.0-20200617195104-da1b6568686e h1:MRM5ITcdelLK2j1vwZ3Je0FKVCfqOLp5zO6trqMLYs0=
github.com/skip2/go-qrcode v0.0.0-20200617195104-da1b6568686e/go.mod h1:XV66xRDqSt+GTGFMVlhk3ULuV0y9ZmzeVGR4mloJI3M=
golang.design/x/hotkey v0.4.1 h1:zLP/2Pztl4WjyxURdW84GoZ5LUrr6hr69CzJFJ5U1go=
golang.design/x/hotkey v0.4.1/go.mod h1:M8SGcwFYHnKRa83FpTFQoZvPO5vVT+kWPztFqTQKmXA=
golang.design/x/mainthread v0.3.0 h1:UwFus0lcPodNpMOGoQMe87jSFwbSsEY//CA7yVmu4j8=
golang.design/x/mainthread v0.3.0/go.mod h1:vYX7cF2b3pTJMGM/hc13NmN6kblKnf4/IyvHeu259L0=
